
Microsoft Visual Studio Solution File, Format Version 12.00
# Visual Studio 15
VisualStudioVersion = 15.0.28307.1022
MinimumVisualStudioVersion = 10.0.40219.1
Project("{FAE04EC0-301F-11D3-BF4B-00C04F79EFBC}") = "PcnCrawler", "Pcn.Crawler\PcnCrawler.csproj", "{0772642B-9460-41C5-80EF-2CC462FDBF25}"
EndProject
Project("{FAE04EC0-301F-11D3-BF4B-00C04F79EFBC}") = "PcnTela", "Pcn.Tela\PcnTela.csproj", "{0416894C-AD34-47ED-806E-14DAC6362000}"
EndProject
Global
	GlobalSection(SolutionConfigurationPlatforms) = preSolution
		Debug|Any CPU = Debug|Any CPU
		Release|Any CPU = Release|Any CPU
	EndGlobalSection
	GlobalSection(ProjectConfigurationPlatforms) = postSolution
		{0772642B-9460-41C5-80EF-2CC462FDBF25}.Debug|Any CPU.ActiveCfg = Debug|Any CPU
		{0772642B-9460-41C5-80EF-2CC462FDBF25}.Debug|Any CPU.Build.0 = Debug|Any CPU
		{0772642B-9460-41C5-80EF-2CC462FDBF25}.Release|Any CPU.ActiveCfg = Release|Any CPU
		{0772642B-9460-41C5-80EF-2CC462FDBF25}.Release|Any CPU.Build.0 = Release|Any CPU
		{0416894C-AD34-47ED-806E-14DAC6362000}.Debug|Any CPU.ActiveCfg = Debug|Any CPU
		{0416894C-AD34-47ED-806E-14DAC6362000}.Debug|Any CPU.Build.0 = Debug|Any CPU
		{0416894C-AD34-47ED-806E-14DAC6362000}.Release|Any CPU.ActiveCfg = Release|Any CPU
		{0416894C-AD34-47ED-806E-14DAC6362000}.Release|Any CPU.Build.0 = Release|Any CPU
	EndGlobalSection
	GlobalSection(SolutionProperties) = preSolution
		HideSolutionNode = FALSE
	EndGlobalSection
	GlobalSection(ExtensibilityGlobals) = postSolution
		SolutionGuid = {0B590763-14C6-4A5F-A131-0CD60C0769EC}
	EndGlobalSection
EndGlobal
